github.com/bsm/ginkgo/v2 v2.0.0 h1:JZAs5u7SmJCrZlGFrC3v1stg/uC7OIj2q2FW9NxeIVE=
github.com/bsm/ginkgo/v2 v2.0.0/go.mod h1:AiKlXPm7ItEHNc/2+OkrNG4E0ITzojb9/xWzvQ9XZ9w=
github.com/bsm/gomega v1.11.0 h1:wg9DVGPETNZLIbMsseneMV1a7uo/x+wsCyNXdEcifDI=
github.com/bsm/gomega v1.11.0/go.mod h1:JifAceMQ4crZIWYUKrlGcmbN3bqHogVTADMD2ATsbwk=
github.com/golang-jwt/jwt/v4 v4.3.0 h1:kHL1vqdqWNfATmA0FNMdmZNMyZI1U6O31X4rlIPoBog=
github.com/golang-jwt/jwt/v4 v4.3.0/go.mod h1:/xlHOz8bRuivTWchD4jCa+NbatV+wEUSzwAxVc6locg=
